// !$*UTF8*$!
{
	archiveVersion = 1;
	classes = {
	};
	objectVersion = 50;
	objects = {

/* Begin PBXBuildFile section */
		54ED5FC9B5E4D3F2D33ABBE1 /* Pods_EasyTaxesUITests.framework in Frameworks */ = {isa = PBXBuildFile; fileRef = 96AA7CC967792CB8963300B1 /* Pods_EasyTaxesUITests.framework */; };
		71D20AB338A763DB322DD0BD /* Pods_EasyTaxesTests.framework in Frameworks */ = {isa = PBXBuildFile; fileRef = D00879C60912965320CC0DC7 /* Pods_EasyTaxesTests.framework */; };
		A6A353DC504112EEDC04D346 /* Pods_EasyTaxes.framework in Frameworks */ = {isa = PBXBuildFile; fileRef = 64DBE4E76BB8299C50F545F5 /* Pods_EasyTaxes.framework */; };
		B402035621A5C43A0068FB2B /* LargeHeaderCollectionViewCell.swift in Sources */ = {isa = PBXBuildFile; fileRef = B402035421A5C43A0068FB2B /* LargeHeaderCollectionViewCell.swift */; };
		B402035721A5C43A0068FB2B /* LargeHeaderCollectionViewCell.xib in Resources */ = {isa = PBXBuildFile; fileRef = B402035521A5C43A0068FB2B /* LargeHeaderCollectionViewCell.xib */; };
		B402035B21A5C9ED0068FB2B /* ProfileCollectionViewCell.swift in Sources */ = {isa = PBXBuildFile; fileRef = B402035921A5C9ED0068FB2B /* ProfileCollectionViewCell.swift */; };
		B402035D21A5D06A0068FB2B /* LargeHeaderCollectionViewCell.swift in Resources */ = {isa = PBXBuildFile; fileRef = B402035421A5C43A0068FB2B /* LargeHeaderCollectionViewCell.swift */; };
		B402035E21A5D0910068FB2B /* ProfileCollectionViewCell.swift in Resources */ = {isa = PBXBuildFile; fileRef = B402035921A5C9ED0068FB2B /* ProfileCollectionViewCell.swift */; };
		B402035F21A5D1B80068FB2B /* ProfileCollectionViewCell.xib in Resources */ = {isa = PBXBuildFile; fileRef = B402035A21A5C9ED0068FB2B /* ProfileCollectionViewCell.xib */; };
		B446F7EA219F2B0700BD6993 /* AppDelegate.swift in Sources */ = {isa = PBXBuildFile; fileRef = B446F7E9219F2B0700BD6993 /* AppDelegate.swift */; };
		B446F7EF219F2B0700BD6993 /* Main.storyboard in Resources */ = {isa = PBXBuildFile; fileRef = B446F7ED219F2B0700BD6993 /* Main.storyboard */; };
		B446F7F4219F2B0800BD6993 /* LaunchScreen.storyboard in Resources */ = {isa = PBXBuildFile; fileRef = B446F7F2219F2B0800BD6993 /* LaunchScreen.storyboard */; };
		B446F7FF219F2B0800BD6993 /* EasyTaxesTests.swift in Sources */ = {isa = PBXBuildFile; fileRef = B446F7FE219F2B0800BD6993 /* EasyTaxesTests.swift */; };
		B446F80A219F2B0800BD6993 /* EasyTaxesUITests.swift in Sources */ = {isa = PBXBuildFile; fileRef = B446F809219F2B0800BD6993 /* EasyTaxesUITests.swift */; };
		B446F819219F2CA400BD6993 /* LogInViewController.swift in Sources */ = {isa = PBXBuildFile; fileRef = B446F818219F2CA400BD6993 /* LogInViewController.swift */; };
		B446F81B219F315F00BD6993 /* GoogleService-Info.plist in Resources */ = {isa = PBXBuildFile; fileRef = B446F81A219F315F00BD6993 /* GoogleService-Info.plist */; };
		B446F81D219F3F5200BD6993 /* ProfileCollectionViewController.swift in Sources */ = {isa = PBXBuildFile; fileRef = B446F81C219F3F5200BD6993 /* ProfileCollectionViewController.swift */; };
		B44B5EC221AF3025001C7730 /* Profile.swift in Sources */ = {isa = PBXBuildFile; fileRef = B44B5EC121AF3025001C7730 /* Profile.swift */; };
		B44B5EC421AF34CE001C7730 /* Form.swift in Sources */ = {isa = PBXBuildFile; fileRef = B44B5EC321AF34CE001C7730 /* Form.swift */; };
		B44B5EC621AF35E5001C7730 /* ProfilesModel.swift in Sources */ = {isa = PBXBuildFile; fileRef = B44B5EC521AF35E5001C7730 /* ProfilesModel.swift */; };
		B462A36A219FD13700DD5B49 /* images.xcassets in Resources */ = {isa = PBXBuildFile; fileRef = B462A369219FD13700DD5B49 /* images.xcassets */; };
		B47CC8B721B58C30001AE4C3 /* UITextField+DoneCancelToolbar.swift in Sources */ = {isa = PBXBuildFile; fileRef = B47CC8B621B58C30001AE4C3 /* UITextField+DoneCancelToolbar.swift */; };
		B48F8D2421A51FCA00A0898B /* AddProfileViewController.swift in Sources */ = {isa = PBXBuildFile; fileRef = B48F8D2321A51FCA00A0898B /* AddProfileViewController.swift */; };
		B4D77E9921A8A64F0095A3ED /* UserProfileTableViewController.swift in Sources */ = {isa = PBXBuildFile; fileRef = B4D77E9821A8A64F0095A3ED /* UserProfileTableViewController.swift */; };
		B4D77E9C21A8A9970095A3ED /* LargeProfileTableViewCell.swift in Sources */ = {isa = PBXBuildFile; fileRef = B4D77E9A21A8A9970095A3ED /* LargeProfileTableViewCell.swift */; };
		B4D77E9D21A8A9970095A3ED /* LargeProfileTableViewCell.xib in Resources */ = {isa = PBXBuildFile; fileRef = B4D77E9B21A8A9970095A3ED /* LargeProfileTableViewCell.xib */; };
		B4D77EA221A8ABBF0095A3ED /* PastFormInfoTableViewCell.swift in Sources */ = {isa = PBXBuildFile; fileRef = B4D77EA021A8ABBF0095A3ED /* PastFormInfoTableViewCell.swift */; };
		B4D77EA321A8ABBF0095A3ED /* PastFormInfoTableViewCell.xib in Resources */ = {isa = PBXBuildFile; fileRef = B4D77EA121A8ABBF0095A3ED /* PastFormInfoTableViewCell.xib */; };
		B4E2620121B0A133009978D8 /* AddFormViewController.swift in Sources */ = {isa = PBXBuildFile; fileRef = B4E2620021B0A133009978D8 /* AddFormViewController.swift */; };
/* End PBXBuildFile section */

/* Begin PBXContainerItemProxy section */
		B446F7FB219F2B0800BD6993 /* PBXContainerItemProxy */ = {
			isa = PBXContainerItemProxy;
			containerPortal = B446F7DE219F2B0700BD6993 /* Project object */;
			proxyType = 1;
			remoteGlobalIDString = B446F7E5219F2B0700BD6993;
			remoteInfo = EasyTaxes;
		};
		B446F806219F2B0800BD6993 /* PBXContainerItemProxy */ = {
			isa = PBXContainerItemProxy;
			containerPortal = B446F7DE219F2B0700BD6993 /* Project object */;
			proxyType = 1;
			remoteGlobalIDString = B446F7E5219F2B0700BD6993;
			remoteInfo = EasyTaxes;
		};
/* End PBXContainerItemProxy section */

/* Begin PBXFileReference section */
		2ACC723C842CDF93E8991529 /* Pods-EasyTaxesTests.debug.xcconfig */ = {isa = PBXFileReference; includeInIndex = 1; lastKnownFileType = text.xcconfig; name = "Pods-EasyTaxesTests.debug.xcconfig"; path = "Pods/Target Support Files/Pods-EasyTaxesTests/Pods-EasyTaxesTests.debug.xcconfig"; sourceTree = "<group>"; };
		4D6BDE7C99B0B9777D33F0B9 /* Pods-EasyTaxes.debug.xcconfig */ = {isa = PBXFileReference; includeInIndex = 1; lastKnownFileType = text.xcconfig; name = "Pods-EasyTaxes.debug.xcconfig"; path = "Pods/Target Support Files/Pods-EasyTaxes/Pods-EasyTaxes.debug.xcconfig"; sourceTree = "<group>"; };
		4FB3565D6893E49AC1257C93 /* Pods-EasyTaxes.release.xcconfig */ = {isa = PBXFileReference; includeInIndex = 1; lastKnownFileType = text.xcconfig; name = "Pods-EasyTaxes.release.xcconfig"; path = "Pods/Target Support Files/Pods-EasyTaxes/Pods-EasyTaxes.release.xcconfig"; sourceTree = "<group>"; };
		64DBE4E76BB8299C50F545F5 /* Pods_EasyTaxes.framework */ = {isa = PBXFileReference; explicitFileType = wrapper.framework; includeInIndex = 0; path = Pods_EasyTaxes.framework; sourceTree = BUILT_PRODUCTS_DIR; };
		96AA7CC967792CB8963300B1 /* Pods_EasyTaxesUITests.framework */ = {isa = PBXFileReference; explicitFileType = wrapper.framework; includeInIndex = 0; path = Pods_EasyTaxesUITests.framework; sourceTree = BUILT_PRODUCTS_DIR; };
		A333032AC274FFE289C16674 /* Pods-EasyTaxesUITests.release.xcconfig */ = {isa = PBXFileReference; includeInIndex = 1; lastKnownFileType = text.xcconfig; name = "Pods-EasyTaxesUITests.release.xcconfig"; path = "Pods/Target Support Files/Pods-EasyTaxesUITests/Pods-EasyTaxesUITests.release.xcconfig"; sourceTree = "<group>"; };
		B402035421A5C43A0068FB2B /* LargeHeaderCollectionViewCell.swift */ = {isa = PBXFileReference; lastKnownFileType = sourcecode.swift; path = LargeHeaderCollectionViewCell.swift; sourceTree = "<group>"; };
		B402035521A5C43A0068FB2B /* LargeHeaderCollectionViewCell.xib */ = {isa = PBXFileReference; lastKnownFileType = file.xib; path = LargeHeaderCollectionViewCell.xib; sourceTree = "<group>"; };
		B402035921A5C9ED0068FB2B /* ProfileCollectionViewCell.swift */ = {isa = PBXFileReference; lastKnownFileType = sourcecode.swift; path = ProfileCollectionViewCell.swift; sourceTree = "<group>"; };
		B402035A21A5C9ED0068FB2B /* ProfileCollectionViewCell.xib */ = {isa = PBXFileReference; lastKnownFileType = file.xib; path = ProfileCollectionViewCell.xib; sourceTree = "<group>"; };
		B446F7E6219F2B0700BD6993 /* EasyTaxes.app */ = {isa = PBXFileReference; explicitFileType = wrapper.application; includeInIndex = 0; path = EasyTaxes.app; sourceTree = BUILT_PRODUCTS_DIR; };
		B446F7E9219F2B0700BD6993 /* AppDelegate.swift */ = {isa = PBXFileReference; lastKnownFileType = sourcecode.swift; path = AppDelegate.swift; sourceTree = "<group>"; };
		B446F7EE219F2B0700BD6993 /* Base */ = {isa = PBXFileReference; lastKnownFileType = file.storyboard; name = Base; path = Base.lproj/Main.storyboard; sourceTree = "<group>"; };
		B446F7F3219F2B0800BD6993 /* Base */ = {isa = PBXFileReference; lastKnownFileType = file.storyboard; name = Base; path = Base.lproj/LaunchScreen.storyboard; sourceTree = "<group>"; };
		B446F7F5219F2B0800BD6993 /* Info.plist */ = {isa = PBXFileReference; lastKnownFileType = text.plist.xml; path = Info.plist; sourceTree = "<group>"; };
		B446F7FA219F2B0800BD6993 /* EasyTaxesTests.xctest */ = {isa = PBXFileReference; explicitFileType = wrapper.cfbundle; includeInIndex = 0; path = EasyTaxesTests.xctest; sourceTree = BUILT_PRODUCTS_DIR; };
		B446F7FE219F2B0800BD6993 /* EasyTaxesTests.swift */ = {isa = PBXFileReference; lastKnownFileType = sourcecode.swift; path = EasyTaxesTests.swift; sourceTree = "<group>"; };
		B446F800219F2B0800BD6993 /* Info.plist */ = {isa = PBXFileReference; lastKnownFileType = text.plist.xml; path = Info.plist; sourceTree = "<group>"; };
		B446F805219F2B0800BD6993 /* EasyTaxesUITests.xctest */ = {isa = PBXFileReference; explicitFileType = wrapper.cfbundle; includeInIndex = 0; path = EasyTaxesUITests.xctest; sourceTree = BUILT_PRODUCTS_DIR; };
		B446F809219F2B0800BD6993 /* EasyTaxesUITests.swift */ = {isa = PBXFileReference; lastKnownFileType = sourcecode.swift; path = EasyTaxesUITests.swift; sourceTree = "<group>"; };
		B446F80B219F2B0800BD6993 /* Info.plist */ = {isa = PBXFileReference; lastKnownFileType = text.plist.xml; path = Info.plist; sourceTree = "<group>"; };
		B446F818219F2CA400BD6993 /* LogInViewController.swift */ = {isa = PBXFileReference; lastKnownFileType = sourcecode.swift; path = LogInViewController.swift; sourceTree = "<group>"; };
		B446F81A219F315F00BD6993 /* GoogleService-Info.plist */ = {isa = PBXFileReference; fileEncoding = 4; lastKnownFileType = text.plist.xml; path = "GoogleService-Info.plist"; sourceTree = "<group>"; };
		B446F81C219F3F5200BD6993 /* ProfileCollectionViewController.swift */ = {isa = PBXFileReference; lastKnownFileType = sourcecode.swift; path = ProfileCollectionViewController.swift; sourceTree = "<group>"; };
		B44B5EC121AF3025001C7730 /* Profile.swift */ = {isa = PBXFileReference; lastKnownFileType = sourcecode.swift; path = Profile.swift; sourceTree = "<group>"; };
		B44B5EC321AF34CE001C7730 /* Form.swift */ = {isa = PBXFileReference; lastKnownFileType = sourcecode.swift; path = Form.swift; sourceTree = "<group>"; };
		B44B5EC521AF35E5001C7730 /* ProfilesModel.swift */ = {isa = PBXFileReference; lastKnownFileType = sourcecode.swift; path = ProfilesModel.swift; sourceTree = "<group>"; };
		B462A369219FD13700DD5B49 /* images.xcassets */ = {isa = PBXFileReference; lastKnownFileType = folder.assetcatalog; path = images.xcassets; sourceTree = "<group>"; };
		B47CC8B621B58C30001AE4C3 /* UITextField+DoneCancelToolbar.swift */ = {isa = PBXFileReference; lastKnownFileType = sourcecode.swift; path = "UITextField+DoneCancelToolbar.swift"; sourceTree = "<group>"; };
		B48F8D2321A51FCA00A0898B /* AddProfileViewController.swift */ = {isa = PBXFileReference; lastKnownFileType = sourcecode.swift; path = AddProfileViewController.swift; sourceTree = "<group>"; };
		B4D77E9821A8A64F0095A3ED /* UserProfileTableViewController.swift */ = {isa = PBXFileReference; lastKnownFileType = sourcecode.swift; path = UserProfileTableViewController.swift; sourceTree = "<group>"; };
		B4D77E9A21A8A9970095A3ED /* LargeProfileTableViewCell.swift */ = {isa = PBXFileReference; lastKnownFileType = sourcecode.swift; path = LargeProfileTableViewCell.swift; sourceTree = "<group>"; };
		B4D77E9B21A8A9970095A3ED /* LargeProfileTableViewCell.xib */ = {isa = PBXFileReference; lastKnownFileType = file.xib; path = LargeProfileTableViewCell.xib; sourceTree = "<group>"; };
		B4D77EA021A8ABBF0095A3ED /* PastFormInfoTableViewCell.swift */ = {isa = PBXFileReference; lastKnownFileType = sourcecode.swift; path = PastFormInfoTableViewCell.swift; sourceTree = "<group>"; };
		B4D77EA121A8ABBF0095A3ED /* PastFormInfoTableViewCell.xib */ = {isa = PBXFileReference; lastKnownFileType = file.xib; path = PastFormInfoTableViewCell.xib; sourceTree = "<group>"; };
		B4E2620021B0A133009978D8 /* AddFormViewController.swift */ = {isa = PBXFileReference; lastKnownFileType = sourcecode.swift; path = AddFormViewController.swift; sourceTree = "<group>"; };
		B9BFDE514D6ACD35DDF9FA70 /* Pods-EasyTaxesTests.release.xcconfig */ = {isa = PBXFileReference; includeInIndex = 1; lastKnownFileType = text.xcconfig; name = "Pods-EasyTaxesTests.release.xcconfig"; path = "Pods/Target Support Files/Pods-EasyTaxesTests/Pods-EasyTaxesTests.release.xcconfig"; sourceTree = "<group>"; };
		D00879C60912965320CC0DC7 /* Pods_EasyTaxesTests.framework */ = {isa = PBXFileReference; explicitFileType = wrapper.framework; includeInIndex = 0; path = Pods_EasyTaxesTests.framework; sourceTree = BUILT_PRODUCTS_DIR; };
		DF9D289E213CF09F804A99CD /* Pods-EasyTaxesUITests.debug.xcconfig */ = {isa = PBXFileReference; includeInIndex = 1; lastKnownFileType = text.xcconfig; name = "Pods-EasyTaxesUITests.debug.xcconfig"; path = "Pods/Target Support Files/Pods-EasyTaxesUITests/Pods-EasyTaxesUITests.debug.xcconfig"; sourceTree = "<group>"; };
/* End PBXFileReference section */

/* Begin PBXFrameworksBuildPhase section */
		B446F7E3219F2B0700BD6993 /* Frameworks */ = {
			isa = PBXFrameworksBuildPhase;
			buildActionMask = 2147483647;
			files = (
				A6A353DC504112EEDC04D346 /* Pods_EasyTaxes.framework in Frameworks */,
			);
			runOnlyForDeploymentPostprocessing = 0;
		};
		B446F7F7219F2B0800BD6993 /* Frameworks */ = {
			isa = PBXFrameworksBuildPhase;
			buildActionMask = 2147483647;
			files = (
				71D20AB338A763DB322DD0BD /* Pods_EasyTaxesTests.framework in Frameworks */,
			);
			runOnlyForDeploymentPostprocessing = 0;
		};
		B446F802219F2B0800BD6993 /* Frameworks */ = {
			isa = PBXFrameworksBuildPhase;
			buildActionMask = 2147483647;
			files = (
				54ED5FC9B5E4D3F2D33ABBE1 /* Pods_EasyTaxesUITests.framework in Frameworks */,
			);
			runOnlyForDeploymentPostprocessing = 0;
		};
/* End PBXFrameworksBuildPhase section */

/* Begin PBXGroup section */
		9B3FB6198CEC0EABA3B7DB81 /* Frameworks */ = {
			isa = PBXGroup;
			children = (
				64DBE4E76BB8299C50F545F5 /* Pods_EasyTaxes.framework */,
				D00879C60912965320CC0DC7 /* Pods_EasyTaxesTests.framework */,
				96AA7CC967792CB8963300B1 /* Pods_EasyTaxesUITests.framework */,
			);
			name = Frameworks;
			sourceTree = "<group>";
		};
		B402034F21A5C1700068FB2B /* LargeHeader */ = {
			isa = PBXGroup;
			children = (
				B402035421A5C43A0068FB2B /* LargeHeaderCollectionViewCell.swift */,
				B402035521A5C43A0068FB2B /* LargeHeaderCollectionViewCell.xib */,
			);
			path = LargeHeader;
			sourceTree = "<group>";
		};
		B402035821A5C9CB0068FB2B /* Profile */ = {
			isa = PBXGroup;
			children = (
				B402035921A5C9ED0068FB2B /* ProfileCollectionViewCell.swift */,
				B402035A21A5C9ED0068FB2B /* ProfileCollectionViewCell.xib */,
			);
			path = Profile;
			sourceTree = "<group>";
		};
		B446F7DD219F2B0700BD6993 = {
			isa = PBXGroup;
			children = (
				B446F7E8219F2B0700BD6993 /* EasyTaxes */,
				B446F7FD219F2B0800BD6993 /* EasyTaxesTests */,
				B446F808219F2B0800BD6993 /* EasyTaxesUITests */,
				B446F7E7219F2B0700BD6993 /* Products */,
				B5AA6C5F1F4050CF52E84C92 /* Pods */,
				9B3FB6198CEC0EABA3B7DB81 /* Frameworks */,
			);
			sourceTree = "<group>";
		};
		B446F7E7219F2B0700BD6993 /* Products */ = {
			isa = PBXGroup;
			children = (
				B446F7E6219F2B0700BD6993 /* EasyTaxes.app */,
				B446F7FA219F2B0800BD6993 /* EasyTaxesTests.xctest */,
				B446F805219F2B0800BD6993 /* EasyTaxesUITests.xctest */,
			);
			name = Products;
			sourceTree = "<group>";
		};
		B446F7E8219F2B0700BD6993 /* EasyTaxes */ = {
			isa = PBXGroup;
			children = (
				B446F7F5219F2B0800BD6993 /* Info.plist */,
				B47CC8B821B58EDE001AE4C3 /* Extensions */,
				B462A368219FBFC900DD5B49 /* Views */,
				B446F817219F2C8100BD6993 /* View Controllers */,
				B48F8D2621A521F700A0898B /* Models */,
				B48F8D2521A521D800A0898B /* SupportFiles */,
			);
			path = EasyTaxes;
			sourceTree = "<group>";
		};
		B446F7FD219F2B0800BD6993 /* EasyTaxesTests */ = {
			isa = PBXGroup;
			children = (
				B446F7FE219F2B0800BD6993 /* EasyTaxesTests.swift */,
				B446F800219F2B0800BD6993 /* Info.plist */,
			);
			path = EasyTaxesTests;
			sourceTree = "<group>";
		};
		B446F808219F2B0800BD6993 /* EasyTaxesUITests */ = {
			isa = PBXGroup;
			children = (
				B446F809219F2B0800BD6993 /* EasyTaxesUITests.swift */,
				B446F80B219F2B0800BD6993 /* Info.plist */,
			);
			path = EasyTaxesUITests;
			sourceTree = "<group>";
		};
		B446F817219F2C8100BD6993 /* View Controllers */ = {
			isa = PBXGroup;
			children = (
				B446F818219F2CA400BD6993 /* LogInViewController.swift */,
				B446F81C219F3F5200BD6993 /* ProfileCollectionViewController.swift */,
				B48F8D2321A51FCA00A0898B /* AddProfileViewController.swift */,
				B4D77E9821A8A64F0095A3ED /* UserProfileTableViewController.swift */,
				B4E2620021B0A133009978D8 /* AddFormViewController.swift */,
			);
			path = "View Controllers";
			sourceTree = "<group>";
		};
		B462A368219FBFC900DD5B49 /* Views */ = {
			isa = PBXGroup;
			children = (
				B4D77E9F21A8AB8E0095A3ED /* Past Form Info */,
				B4D77E9E21A8A99D0095A3ED /* LargeProfile */,
				B402035821A5C9CB0068FB2B /* Profile */,
				B402034F21A5C1700068FB2B /* LargeHeader */,
			);
			path = Views;
			sourceTree = "<group>";
		};
		B47CC8B821B58EDE001AE4C3 /* Extensions */ = {
			isa = PBXGroup;
			children = (
				B47CC8B621B58C30001AE4C3 /* UITextField+DoneCancelToolbar.swift */,
			);
			path = Extensions;
			sourceTree = "<group>";
		};
		B48F8D2521A521D800A0898B /* SupportFiles */ = {
			isa = PBXGroup;
			children = (
				B446F81A219F315F00BD6993 /* GoogleService-Info.plist */,
				B446F7F2219F2B0800BD6993 /* LaunchScreen.storyboard */,
				B462A369219FD13700DD5B49 /* images.xcassets */,
				B446F7E9219F2B0700BD6993 /* AppDelegate.swift */,
				B446F7ED219F2B0700BD6993 /* Main.storyboard */,
			);
			path = SupportFiles;
			sourceTree = "<group>";
		};
		B48F8D2621A521F700A0898B /* Models */ = {
			isa = PBXGroup;
			children = (
				B44B5EC521AF35E5001C7730 /* ProfilesModel.swift */,
				B44B5EC121AF3025001C7730 /* Profile.swift */,
				B44B5EC321AF34CE001C7730 /* Form.swift */,
			);
			path = Models;
			sourceTree = "<group>";
		};
		B4D77E9E21A8A99D0095A3ED /* LargeProfile */ = {
			isa = PBXGroup;
			children = (
				B4D77E9A21A8A9970095A3ED /* LargeProfileTableViewCell.swift */,
				B4D77E9B21A8A9970095A3ED /* LargeProfileTableViewCell.xib */,
			);
			path = LargeProfile;
			sourceTree = "<group>";
		};
		B4D77E9F21A8AB8E0095A3ED /* Past Form Info */ = {
			isa = PBXGroup;
			children = (
				B4D77EA021A8ABBF0095A3ED /* PastFormInfoTableViewCell.swift */,
				B4D77EA121A8ABBF0095A3ED /* PastFormInfoTableViewCell.xib */,
			);
			path = "Past Form Info";
			sourceTree = "<group>";
		};
		B5AA6C5F1F4050CF52E84C92 /* Pods */ = {
			isa = PBXGroup;
			children = (
				4D6BDE7C99B0B9777D33F0B9 /* Pods-EasyTaxes.debug.xcconfig */,
				4FB3565D6893E49AC1257C93 /* Pods-EasyTaxes.release.xcconfig */,
				2ACC723C842CDF93E8991529 /* Pods-EasyTaxesTests.debug.xcconfig */,
				B9BFDE514D6ACD35DDF9FA70 /* Pods-EasyTaxesTests.release.xcconfig */,
				DF9D289E213CF09F804A99CD /* Pods-EasyTaxesUITests.debug.xcconfig */,
				A333032AC274FFE289C16674 /* Pods-EasyTaxesUITests.release.xcconfig */,
			);
			name = Pods;
			sourceTree = "<group>";
		};
/* End PBXGroup section */

/* Begin PBXNativeTarget section */
		B446F7E5219F2B0700BD6993 /* EasyTaxes */ = {
			isa = PBXNativeTarget;
			buildConfigurationList = B446F80E219F2B0800BD6993 /* Build configuration list for PBXNativeTarget "EasyTaxes" */;
			buildPhases = (
				7D3B5BA6E4CC2386980BC48B /* [CP] Check Pods Manifest.lock */,
				B446F7E2219F2B0700BD6993 /* Sources */,
				B446F7E3219F2B0700BD6993 /* Frameworks */,
				B446F7E4219F2B0700BD6993 /* Resources */,
				F73CD6F3B920862469F4E51C /* [CP] Embed Pods Frameworks */,
				50BF8B66A3EB4153A1D8E7E9 /* [CP] Copy Pods Resources */,
			);
			buildRules = (
			);
			dependencies = (
			);
			name = EasyTaxes;
			productName = EasyTaxes;
			productReference = B446F7E6219F2B0700BD6993 /* EasyTaxes.app */;
			productType = "com.apple.product-type.application";
		};
		B446F7F9219F2B0800BD6993 /* EasyTaxesTests */ = {
			isa = PBXNativeTarget;
			buildConfigurationList = B446F811219F2B0800BD6993 /* Build configuration list for PBXNativeTarget "EasyTaxesTests" */;
			buildPhases = (
				9BBE85AA081C234E80E90563 /* [CP] Check Pods Manifest.lock */,
				B446F7F6219F2B0800BD6993 /* Sources */,
				B446F7F7219F2B0800BD6993 /* Frameworks */,
				B446F7F8219F2B0800BD6993 /* Resources */,
			);
			buildRules = (
			);
			dependencies = (
				B446F7FC219F2B0800BD6993 /* PBXTargetDependency */,
			);
			name = EasyTaxesTests;
			productName = EasyTaxesTests;
			productReference = B446F7FA219F2B0800BD6993 /* EasyTaxesTests.xctest */;
			productType = "com.apple.product-type.bundle.unit-test";
		};
		B446F804219F2B0800BD6993 /* EasyTaxesUITests */ = {
			isa = PBXNativeTarget;
			buildConfigurationList = B446F814219F2B0800BD6993 /* Build configuration list for PBXNativeTarget "EasyTaxesUITests" */;
			buildPhases = (
				12566848F9D92CDB0F10241D /* [CP] Check Pods Manifest.lock */,
				B446F801219F2B0800BD6993 /* Sources */,
				B446F802219F2B0800BD6993 /* Frameworks */,
				B446F803219F2B0800BD6993 /* Resources */,
			);
			buildRules = (
			);
			dependencies = (
				B446F807219F2B0800BD6993 /* PBXTargetDependency */,
			);
			name = EasyTaxesUITests;
			productName = EasyTaxesUITests;
			productReference = B446F805219F2B0800BD6993 /* EasyTaxesUITests.xctest */;
			productType = "com.apple.product-type.bundle.ui-testing";
		};
/* End PBXNativeTarget section */

/* Begin PBXProject section */
		B446F7DE219F2B0700BD6993 /* Project object */ = {
			isa = PBXProject;
			attributes = {
				LastSwiftUpdateCheck = 0940;
				LastUpgradeCheck = 0940;
				ORGANIZATIONNAME = "Joel Gutierrez";
				TargetAttributes = {
					B446F7E5219F2B0700BD6993 = {
						CreatedOnToolsVersion = 9.4.1;
					};
					B446F7F9219F2B0800BD6993 = {
						CreatedOnToolsVersion = 9.4.1;
						TestTargetID = B446F7E5219F2B0700BD6993;
					};
					B446F804219F2B0800BD6993 = {
						CreatedOnToolsVersion = 9.4.1;
						TestTargetID = B446F7E5219F2B0700BD6993;
					};
				};
			};
			buildConfigurationList = B446F7E1219F2B0700BD6993 /* Build configuration list for PBXProject "EasyTaxes" */;
			compatibilityVersion = "Xcode 9.3";
			developmentRegion = en;
			hasScannedForEncodings = 0;
			knownRegions = (
				en,
				Base,
			);
			mainGroup = B446F7DD219F2B0700BD6993;
			productRefGroup = B446F7E7219F2B0700BD6993 /* Products */;
			projectDirPath = "";
			projectRoot = "";
			targets = (
				B446F7E5219F2B0700BD6993 /* EasyTaxes */,
				B446F7F9219F2B0800BD6993 /* EasyTaxesTests */,
				B446F804219F2B0800BD6993 /* EasyTaxesUITests */,
			);
		};
/* End PBXProject section */

/* Begin PBXResourcesBuildPhase section */
		B446F7E4219F2B0700BD6993 /* Resources */ = {
			isa = PBXResourcesBuildPhase;
			buildActionMask = 2147483647;
			files = (
				B4D77E9D21A8A9970095A3ED /* LargeProfileTableViewCell.xib in Resources */,
				B402035F21A5D1B80068FB2B /* ProfileCollectionViewCell.xib in Resources */,
				B402035E21A5D0910068FB2B /* ProfileCollectionViewCell.swift in Resources */,
				B402035D21A5D06A0068FB2B /* LargeHeaderCollectionViewCell.swift in Resources */,
				B402035721A5C43A0068FB2B /* LargeHeaderCollectionViewCell.xib in Resources */,
				B4D77EA321A8ABBF0095A3ED /* PastFormInfoTableViewCell.xib in Resources */,
				B446F7F4219F2B0800BD6993 /* LaunchScreen.storyboard in Resources */,
				B446F7EF219F2B0700BD6993 /* Main.storyboard in Resources */,
				B446F81B219F315F00BD6993 /* GoogleService-Info.plist in Resources */,
				B462A36A219FD13700DD5B49 /* images.xcassets in Resources */,
			);
			runOnlyForDeploymentPostprocessing = 0;
		};
		B446F7F8219F2B0800BD6993 /* Resources */ = {
			isa = PBXResourcesBuildPhase;
			buildActionMask = 2147483647;
			files = (
			);
			runOnlyForDeploymentPostprocessing = 0;
		};
		B446F803219F2B0800BD6993 /* Resources */ = {
			isa = PBXResourcesBuildPhase;
			buildActionMask = 2147483647;
			files = (
			);
			runOnlyForDeploymentPostprocessing = 0;
		};
/* End PBXResourcesBuildPhase section */

/* Begin PBXShellScriptBuildPhase section */
		12566848F9D92CDB0F10241D /* [CP] Check Pods Manifest.lock */ = {
			isa = PBXShellScriptBuildPhase;
			buildActionMask = 2147483647;
			files = (
			);
			inputPaths = (
				"${PODS_PODFILE_DIR_PATH}/Podfile.lock",
				"${PODS_ROOT}/Manifest.lock",
			);
			name = "[CP] Check Pods Manifest.lock";
			outputPaths = (
				"$(DERIVED_FILE_DIR)/Pods-EasyTaxesUITests-checkManifestLockResult.txt",
			);
			runOnlyForDeploymentPostprocessing = 0;
			shellPath = /bin/sh;
			shellScript = "diff \"${PODS_PODFILE_DIR_PATH}/Podfile.lock\" \"${PODS_ROOT}/Manifest.lock\" > /dev/null\nif [ $? != 0 ] ; then\n    # print error to STDERR\n    echo \"error: The sandbox is not in sync with the Podfile.lock. Run 'pod install' or update your CocoaPods installation.\" >&2\n    exit 1\nfi\n# This output is used by Xcode 'outputs' to avoid re-running this script phase.\necho \"SUCCESS\" > \"${SCRIPT_OUTPUT_FILE_0}\"\n";
			showEnvVarsInLog = 0;
		};
		50BF8B66A3EB4153A1D8E7E9 /* [CP] Copy Pods Resources */ = {
			isa = PBXShellScriptBuildPhase;
			buildActionMask = 2147483647;
			files = (
			);
			inputPaths = (
				"${SRCROOT}/Pods/Target Support Files/Pods-EasyTaxes/Pods-EasyTaxes-resources.sh",
				"${PODS_ROOT}/GoogleSignIn/Resources/GoogleSignIn.bundle",
			);
			name = "[CP] Copy Pods Resources";
			outputPaths = (
				"${TARGET_BUILD_DIR}/${UNLOCALIZED_RESOURCES_FOLDER_PATH}/GoogleSignIn.bundle",
			);
			runOnlyForDeploymentPostprocessing = 0;
			shellPath = /bin/sh;
			shellScript = "\"${SRCROOT}/Pods/Target Support Files/Pods-EasyTaxes/Pods-EasyTaxes-resources.sh\"\n";
			showEnvVarsInLog = 0;
		};
		7D3B5BA6E4CC2386980BC48B /* [CP] Check Pods Manifest.lock */ = {
			isa = PBXShellScriptBuildPhase;
			buildActionMask = 2147483647;
			files = (
			);
			inputPaths = (
				"${PODS_PODFILE_DIR_PATH}/Podfile.lock",
				"${PODS_ROOT}/Manifest.lock",
			);
			name = "[CP] Check Pods Manifest.lock";
			outputPaths = (
				"$(DERIVED_FILE_DIR)/Pods-EasyTaxes-checkManifestLockResult.txt",
			);
			runOnlyForDeploymentPostprocessing = 0;
			shellPath = /bin/sh;
			shellScript = "diff \"${PODS_PODFILE_DIR_PATH}/Podfile.lock\" \"${PODS_ROOT}/Manifest.lock\" > /dev/null\nif [ $? != 0 ] ; then\n    # print error to STDERR\n    echo \"error: The sandbox is not in sync with the Podfile.lock. Run 'pod install' or update your CocoaPods installation.\" >&2\n    exit 1\nfi\n# This output is used by Xcode 'outputs' to avoid re-running this script phase.\necho \"SUCCESS\" > \"${SCRIPT_OUTPUT_FILE_0}\"\n";
			showEnvVarsInLog = 0;
		};
		9BBE85AA081C234E80E90563 /* [CP] Check Pods Manifest.lock */ = {
			isa = PBXShellScriptBuildPhase;
			buildActionMask = 2147483647;
			files = (
			);
			inputPaths = (
				"${PODS_PODFILE_DIR_PATH}/Podfile.lock",
				"${PODS_ROOT}/Manifest.lock",
			);
			name = "[CP] Check Pods Manifest.lock";
			outputPaths = (
				"$(DERIVED_FILE_DIR)/Pods-EasyTaxesTests-checkManifestLockResult.txt",
			);
			runOnlyForDeploymentPostprocessing = 0;
			shellPath = /bin/sh;
			shellScript = "diff \"${PODS_PODFILE_DIR_PATH}/Podfile.lock\" \"${PODS_ROOT}/Manifest.lock\" > /dev/null\nif [ $? != 0 ] ; then\n    # print error to STDERR\n    echo \"error: The sandbox is not in sync with the Podfile.lock. Run 'pod install' or update your CocoaPods installation.\" >&2\n    exit 1\nfi\n# This output is used by Xcode 'outputs' to avoid re-running this script phase.\necho \"SUCCESS\" > \"${SCRIPT_OUTPUT_FILE_0}\"\n";
			showEnvVarsInLog = 0;
		};
		F73CD6F3B920862469F4E51C /* [CP] Embed Pods Frameworks */ = {
			isa = PBXShellScriptBuildPhase;
			buildActionMask = 2147483647;
			files = (
			);
			inputPaths = (
				"${SRCROOT}/Pods/Target Support Files/Pods-EasyTaxes/Pods-EasyTaxes-frameworks.sh",
				"${BUILT_PRODUCTS_DIR}/BoringSSL/openssl.framework",
				"${BUILT_PRODUCTS_DIR}/GTMOAuth2/GTMOAuth2.framework",
				"${BUILT_PRODUCTS_DIR}/GTMSessionFetcher/GTMSessionFetcher.framework",
				"${BUILT_PRODUCTS_DIR}/GoogleToolboxForMac/GoogleToolboxForMac.framework",
				"${BUILT_PRODUCTS_DIR}/GoogleUtilities/GoogleUtilities.framework",
				"${BUILT_PRODUCTS_DIR}/Protobuf/Protobuf.framework",
				"${BUILT_PRODUCTS_DIR}/gRPC/GRPCClient.framework",
				"${BUILT_PRODUCTS_DIR}/gRPC-C++/grpcpp.framework",
				"${BUILT_PRODUCTS_DIR}/gRPC-Core/grpc.framework",
				"${BUILT_PRODUCTS_DIR}/gRPC-ProtoRPC/ProtoRPC.framework",
				"${BUILT_PRODUCTS_DIR}/gRPC-RxLibrary/RxLibrary.framework",
				"${BUILT_PRODUCTS_DIR}/leveldb-library/leveldb.framework",
				"${BUILT_PRODUCTS_DIR}/nanopb/nanopb.framework",
			);
			name = "[CP] Embed Pods Frameworks";
			outputPaths = (
				"${TARGET_BUILD_DIR}/${FRAMEWORKS_FOLDER_PATH}/openssl.framework",
				"${TARGET_BUILD_DIR}/${FRAMEWORKS_FOLDER_PATH}/GTMOAuth2.framework",
				"${TARGET_BUILD_DIR}/${FRAMEWORKS_FOLDER_PATH}/GTMSessionFetcher.framework",
				"${TARGET_BUILD_DIR}/${FRAMEWORKS_FOLDER_PATH}/GoogleToolboxForMac.framework",
				"${TARGET_BUILD_DIR}/${FRAMEWORKS_FOLDER_PATH}/GoogleUtilities.framework",
				"${TARGET_BUILD_DIR}/${FRAMEWORKS_FOLDER_PATH}/Protobuf.framework",
				"${TARGET_BUILD_DIR}/${FRAMEWORKS_FOLDER_PATH}/GRPCClient.framework",
				"${TARGET_BUILD_DIR}/${FRAMEWORKS_FOLDER_PATH}/grpcpp.framework",
				"${TARGET_BUILD_DIR}/${FRAMEWORKS_FOLDER_PATH}/grpc.framework",
				"${TARGET_BUILD_DIR}/${FRAMEWORKS_FOLDER_PATH}/ProtoRPC.framework",
				"${TARGET_BUILD_DIR}/${FRAMEWORKS_FOLDER_PATH}/RxLibrary.framework",
				"${TARGET_BUILD_DIR}/${FRAMEWORKS_FOLDER_PATH}/leveldb.framework",
				"${TARGET_BUILD_DIR}/${FRAMEWORKS_FOLDER_PATH}/nanopb.framework",
			);
			runOnlyForDeploymentPostprocessing = 0;
			shellPath = /bin/sh;
			shellScript = "\"${SRCROOT}/Pods/Target Support Files/Pods-EasyTaxes/Pods-EasyTaxes-frameworks.sh\"\n";
			showEnvVarsInLog = 0;
		};
/* End PBXShellScriptBuildPhase section */

/* Begin PBXSourcesBuildPhase section */
		B446F7E2219F2B0700BD6993 /* Sources */ = {
			isa = PBXSourcesBuildPhase;
			buildActionMask = 2147483647;
			files = (
				B446F819219F2CA400BD6993 /* LogInViewController.swift in Sources */,
				B4E2620121B0A133009978D8 /* AddFormViewController.swift in Sources */,
				B44B5EC221AF3025001C7730 /* Profile.swift in Sources */,
				B4D77E9C21A8A9970095A3ED /* LargeProfileTableViewCell.swift in Sources */,
				B4D77E9921A8A64F0095A3ED /* UserProfileTableViewController.swift in Sources */,
				B402035621A5C43A0068FB2B /* LargeHeaderCollectionViewCell.swift in Sources */,
				B446F81D219F3F5200BD6993 /* ProfileCollectionViewController.swift in Sources */,
				B402035B21A5C9ED0068FB2B /* ProfileCollectionViewCell.swift in Sources */,
				B44B5EC621AF35E5001C7730 /* ProfilesModel.swift in Sources */,
				B48F8D2421A51FCA00A0898B /* AddProfileViewController.swift in Sources */,
				B446F7EA219F2B0700BD6993 /* AppDelegate.swift in Sources */,
				B4D77EA221A8ABBF0095A3ED /* PastFormInfoTableViewCell.swift in Sources */,
				B47CC8B721B58C30001AE4C3 /* UITextField+DoneCancelToolbar.swift in Sources */,
				B44B5EC421AF34CE001C7730 /* Form.swift in Sources */,
			);
			runOnlyForDeploymentPostprocessing = 0;
		};
		B446F7F6219F2B0800BD6993 /* Sources */ = {
			isa = PBXSourcesBuildPhase;
			buildActionMask = 2147483647;
			files = (
				B446F7FF219F2B0800BD6993 /* EasyTaxesTests.swift in Sources */,
			);
			runOnlyForDeploymentPostprocessing = 0;
		};
		B446F801219F2B0800BD6993 /* Sources */ = {
			isa = PBXSourcesBuildPhase;
			buildActionMask = 2147483647;
			files = (
				B446F80A219F2B0800BD6993 /* EasyTaxesUITests.swift in Sources */,
			);
			runOnlyForDeploymentPostprocessing = 0;
		};
/* End PBXSourcesBuildPhase section */

/* Begin PBXTargetDependency section */
		B446F7FC219F2B0800BD6993 /* PBXTargetDependency */ = {
			isa = PBXTargetDependency;
			target = B446F7E5219F2B0700BD6993 /* EasyTaxes */;
			targetProxy = B446F7FB219F2B0800BD6993 /* PBXContainerItemProxy */;
		};
		B446F807219F2B0800BD6993 /* PBXTargetDependency */ = {
			isa = PBXTargetDependency;
			target = B446F7E5219F2B0700BD6993 /* EasyTaxes */;
			targetProxy = B446F806219F2B0800BD6993 /* PBXContainerItemProxy */;
		};
/* End PBXTargetDependency section */

/* Begin PBXVariantGroup section */
		B446F7ED219F2B0700BD6993 /* Main.storyboard */ = {
			isa = PBXVariantGroup;
			children = (
				B446F7EE219F2B0700BD6993 /* Base */,
			);
			name = Main.storyboard;
			sourceTree = "<group>";
		};
		B446F7F2219F2B0800BD6993 /* LaunchScreen.storyboard */ = {
			isa = PBXVariantGroup;
			children = (
				B446F7F3219F2B0800BD6993 /* Base */,
			);
			name = LaunchScreen.storyboard;
			sourceTree = "<group>";
		};
/* End PBXVariantGroup section */

/* Begin XCBuildConfiguration section */
		B446F80C219F2B0800BD6993 /* Debug */ = {
			isa = XCBuildConfiguration;
			buildSettings = {
				ALWAYS_SEARCH_USER_PATHS = NO;
				CLANG_ANALYZER_NONNULL = YES;
				CLANG_ANALYZER_NUMBER_OBJECT_CONVERSION = YES_AGGRESSIVE;
				CLANG_CXX_LANGUAGE_STANDARD = "gnu++14";
				CLANG_CXX_LIBRARY = "libc++";
				CLANG_ENABLE_MODULES = YES;
				CLANG_ENABLE_OBJC_ARC = YES;
				CLANG_ENABLE_OBJC_WEAK = YES;
				CLANG_WARN_BLOCK_CAPTURE_AUTORELEASING = YES;
				CLANG_WARN_BOOL_CONVERSION = YES;
				CLANG_WARN_COMMA = YES;
				CLANG_WARN_CONSTANT_CONVERSION = YES;
				CLANG_WARN_DEPRECATED_OBJC_IMPLEMENTATIONS = YES;
				CLANG_WARN_DIRECT_OBJC_ISA_USAGE = YES_ERROR;
				CLANG_WARN_DOCUMENTATION_COMMENTS = YES;
				CLANG_WARN_EMPTY_BODY = YES;
				CLANG_WARN_ENUM_CONVERSION = YES;
				CLANG_WARN_INFINITE_RECURSION = YES;
				CLANG_WARN_INT_CONVERSION = YES;
				CLANG_WARN_NON_LITERAL_NULL_CONVERSION = YES;
				CLANG_WARN_OBJC_IMPLICIT_RETAIN_SELF = YES;
				CLANG_WARN_OBJC_LITERAL_CONVERSION = YES;
				CLANG_WARN_OBJC_ROOT_CLASS = YES_ERROR;
				CLANG_WARN_RANGE_LOOP_ANALYSIS = YES;
				CLANG_WARN_STRICT_PROTOTYPES = YES;
				CLANG_WARN_SUSPICIOUS_MOVE = YES;
				CLANG_WARN_UNGUARDED_AVAILABILITY = YES_AGGRESSIVE;
				CLANG_WARN_UNREACHABLE_CODE = YES;
				CLANG_WARN__DUPLICATE_METHOD_MATCH = YES;
				CODE_SIGN_IDENTITY = "iPhone Developer";
				COPY_PHASE_STRIP = NO;
				DEBUG_INFORMATION_FORMAT = dwarf;
				ENABLE_STRICT_OBJC_MSGSEND = YES;
				ENABLE_TESTABILITY = YES;
				GCC_C_LANGUAGE_STANDARD = gnu11;
				GCC_DYNAMIC_NO_PIC = NO;
				GCC_NO_COMMON_BLOCKS = YES;
				GCC_OPTIMIZATION_LEVEL = 0;
				GCC_PREPROCESSOR_DEFINITIONS = (
					"DEBUG=1",
					"$(inherited)",
				);
				GCC_WARN_64_TO_32_BIT_CONVERSION = YES;
				GCC_WARN_ABOUT_RETURN_TYPE = YES_ERROR;
				GCC_WARN_UNDECLARED_SELECTOR = YES;
				GCC_WARN_UNINITIALIZED_AUTOS = YES_AGGRESSIVE;
				GCC_WARN_UNUSED_FUNCTION = YES;
				GCC_WARN_UNUSED_VARIABLE = YES;
				IPHONEOS_DEPLOYMENT_TARGET = 11.4;
				MTL_ENABLE_DEBUG_INFO = YES;
				ONLY_ACTIVE_ARCH = YES;
				SDKROOT = iphoneos;
				SWIFT_ACTIVE_COMPILATION_CONDITIONS = DEBUG;
				SWIFT_OPTIMIZATION_LEVEL = "-Onone";
			};
			name = Debug;
		};
		B446F80D219F2B0800BD6993 /* Release */ = {
			isa = XCBuildConfiguration;
			buildSettings = {
				ALWAYS_SEARCH_USER_PATHS = NO;
				CLANG_ANALYZER_NONNULL = YES;
				CLANG_ANALYZER_NUMBER_OBJECT_CONVERSION = YES_AGGRESSIVE;
				CLANG_CXX_LANGUAGE_STANDARD = "gnu++14";
				CLANG_CXX_LIBRARY = "libc++";
				CLANG_ENABLE_MODULES = YES;
				CLANG_ENABLE_OBJC_ARC = YES;
				CLANG_ENABLE_OBJC_WEAK = YES;
				CLANG_WARN_BLOCK_CAPTURE_AUTORELEASING = YES;
				CLANG_WARN_BOOL_CONVERSION = YES;
				CLANG_WARN_COMMA = YES;
				CLANG_WARN_CONSTANT_CONVERSION = YES;
				CLANG_WARN_DEPRECATED_OBJC_IMPLEMENTATIONS = YES;
				CLANG_WARN_DIRECT_OBJC_ISA_USAGE = YES_ERROR;
				CLANG_WARN_DOCUMENTATION_COMMENTS = YES;
				CLANG_WARN_EMPTY_BODY = YES;
				CLANG_WARN_ENUM_CONVERSION = YES;
				CLANG_WARN_INFINITE_RECURSION = YES;
				CLANG_WARN_INT_CONVERSION = YES;
				CLANG_WARN_NON_LITERAL_NULL_CONVERSION = YES;
				CLANG_WARN_OBJC_IMPLICIT_RETAIN_SELF = YES;
				CLANG_WARN_OBJC_LITERAL_CONVERSION = YES;
				CLANG_WARN_OBJC_ROOT_CLASS = YES_ERROR;
				CLANG_WARN_RANGE_LOOP_ANALYSIS = YES;
				CLANG_WARN_STRICT_PROTOTYPES = YES;
				CLANG_WARN_SUSPICIOUS_MOVE = YES;
				CLANG_WARN_UNGUARDED_AVAILABILITY = YES_AGGRESSIVE;
				CLANG_WARN_UNREACHABLE_CODE = YES;
				CLANG_WARN__DUPLICATE_METHOD_MATCH = YES;
				CODE_SIGN_IDENTITY = "iPhone Developer";
				COPY_PHASE_STRIP = NO;
				DEBUG_INFORMATION_FORMAT = "dwarf-with-dsym";
				ENABLE_NS_ASSERTIONS = NO;
				ENABLE_STRICT_OBJC_MSGSEND = YES;
				GCC_C_LANGUAGE_STANDARD = gnu11;
				GCC_NO_COMMON_BLOCKS = YES;
				GCC_WARN_64_TO_32_BIT_CONVERSION = YES;
				GCC_WARN_ABOUT_RETURN_TYPE = YES_ERROR;
				GCC_WARN_UNDECLARED_SELECTOR = YES;
				GCC_WARN_UNINITIALIZED_AUTOS = YES_AGGRESSIVE;
				GCC_WARN_UNUSED_FUNCTION = YES;
				GCC_WARN_UNUSED_VARIABLE = YES;
				IPHONEOS_DEPLOYMENT_TARGET = 11.4;
				MTL_ENABLE_DEBUG_INFO = NO;
				SDKROOT = iphoneos;
				SWIFT_COMPILATION_MODE = wholemodule;
				SWIFT_OPTIMIZATION_LEVEL = "-O";
				VALIDATE_PRODUCT = YES;
			};
			name = Release;
		};
		B446F80F219F2B0800BD6993 /* Debug */ = {
			isa = XCBuildConfiguration;
			baseConfigurationReference = 4D6BDE7C99B0B9777D33F0B9 /* Pods-EasyTaxes.debug.xcconfig */;
			buildSettings = {
				ASSETCATALOG_COMPILER_APPICON_NAME = AppIcon;
				CODE_SIGN_STYLE = Automatic;
				DEVELOPMENT_TEAM = U8K69DFR3Q;
				INFOPLIST_FILE = EasyTaxes/Info.plist;
				LD_RUNPATH_SEARCH_PATHS = (
					"$(inherited)",
					"@executable_path/Frameworks",
				);
				PRODUCT_BUNDLE_IDENTIFIER = com.gutierrj.EasyTaxes;
				PRODUCT_NAME = "$(TARGET_NAME)";
				SWIFT_VERSION = 4.0;
				TARGETED_DEVICE_FAMILY = "1,2";
			};
			name = Debug;
		};
		B446F810219F2B0800BD6993 /* Release */ = {
			isa = XCBuildConfiguration;
			baseConfigurationReference = 4FB3565D6893E49AC1257C93 /* Pods-EasyTaxes.release.xcconfig */;
			buildSettings = {
				ASSETCATALOG_COMPILER_APPICON_NAME = AppIcon;
				CODE_SIGN_STYLE = Automatic;
				DEVELOPMENT_TEAM = U8K69DFR3Q;
				INFOPLIST_FILE = EasyTaxes/Info.plist;
				LD_RUNPATH_SEARCH_PATHS = (
					"$(inherited)",
					"@executable_path/Frameworks",
				);
				PRODUCT_BUNDLE_IDENTIFIER = com.gutierrj.EasyTaxes;
				PRODUCT_NAME = "$(TARGET_NAME)";
				SWIFT_VERSION = 4.0;
				TARGETED_DEVICE_FAMILY = "1,2";
			};
			name = Release;
		};
		B446F812219F2B0800BD6993 /* Debug */ = {
			isa = XCBuildConfiguration;
			baseConfigurationReference = 2ACC723C842CDF93E8991529 /* Pods-EasyTaxesTests.debug.xcconfig */;
			buildSettings = {
				ALWAYS_EMBED_SWIFT_STANDARD_LIBRARIES = YES;
				BUNDLE_LOADER = "$(TEST_HOST)";
				CODE_SIGN_STYLE = Automatic;
				DEVELOPMENT_TEAM = U8K69DFR3Q;
				INFOPLIST_FILE = EasyTaxesTests/Info.plist;
				LD_RUNPATH_SEARCH_PATHS = (
					"$(inherited)",
					"@executable_path/Frameworks",
					"@loader_path/Frameworks",
				);
				PRODUCT_BUNDLE_IDENTIFIER = com.gutierrj.EasyTaxesTests;
				PRODUCT_NAME = "$(TARGET_NAME)";
				SWIFT_VERSION = 4.0;
				TARGETED_DEVICE_FAMILY = "1,2";
				TEST_HOST = "$(BUILT_PRODUCTS_DIR)/EasyTaxes.app/EasyTaxes";
			};
			name = Debug;
		};
		B446F813219F2B0800BD6993 /* Release */ = {
			isa = XCBuildConfiguration;
			baseConfigurationReference = B9BFDE514D6ACD35DDF9FA70 /* Pods-EasyTaxesTests.release.xcconfig */;
			buildSettings = {
				ALWAYS_EMBED_SWIFT_STANDARD_LIBRARIES = YES;
				BUNDLE_LOADER = "$(TEST_HOST)";
				CODE_SIGN_STYLE = Automatic;
				DEVELOPMENT_TEAM = U8K69DFR3Q;
				INFOPLIST_FILE = EasyTaxesTests/Info.plist;
				LD_RUNPATH_SEARCH_PATHS = (
					"$(inherited)",
					"@executable_path/Frameworks",
					"@loader_path/Frameworks",
				);
				PRODUCT_BUNDLE_IDENTIFIER = com.gutierrj.EasyTaxesTests;
				PRODUCT_NAME = "$(TARGET_NAME)";
				SWIFT_VERSION = 4.0;
				TARGETED_DEVICE_FAMILY = "1,2";
				TEST_HOST = "$(BUILT_PRODUCTS_DIR)/EasyTaxes.app/EasyTaxes";
			};
			name = Release;
		};
		B446F815219F2B0800BD6993 /* Debug */ = {
			isa = XCBuildConfiguration;
			baseConfigurationReference = DF9D289E213CF09F804A99CD /* Pods-EasyTaxesUITests.debug.xcconfig */;
			buildSettings = {
				ALWAYS_EMBED_SWIFT_STANDARD_LIBRARIES = YES;
				CODE_SIGN_STYLE = Automatic;
				DEVELOPMENT_TEAM = U8K69DFR3Q;
				INFOPLIST_FILE = EasyTaxesUITests/Info.plist;
				LD_RUNPATH_SEARCH_PATHS = (
					"$(inherited)",
					"@executable_path/Frameworks",
					"@loader_path/Frameworks",
				);
				PRODUCT_BUNDLE_IDENTIFIER = com.gutierrj.EasyTaxesUITests;
				PRODUCT_NAME = "$(TARGET_NAME)";
				SWIFT_VERSION = 4.0;
				TARGETED_DEVICE_FAMILY = "1,2";
				TEST_TARGET_NAME = EasyTaxes;
			};
			name = Debug;
		};
		B446F816219F2B0800BD6993 /* Release */ = {
			isa = XCBuildConfiguration;
			baseConfigurationReference = A333032AC274FFE289C16674 /* Pods-EasyTaxesUITests.release.xcconfig */;
			buildSettings = {
				ALWAYS_EMBED_SWIFT_STANDARD_LIBRARIES = YES;
				CODE_SIGN_STYLE = Automatic;
				DEVELOPMENT_TEAM = U8K69DFR3Q;
				INFOPLIST_FILE = EasyTaxesUITests/Info.plist;
				LD_RUNPATH_SEARCH_PATHS = (
					"$(inherited)",
					"@executable_path/Frameworks",
					"@loader_path/Frameworks",
				);
				PRODUCT_BUNDLE_IDENTIFIER = com.gutierrj.EasyTaxesUITests;
				PRODUCT_NAME = "$(TARGET_NAME)";
				SWIFT_VERSION = 4.0;
				TARGETED_DEVICE_FAMILY = "1,2";
				TEST_TARGET_NAME = EasyTaxes;
			};
			name = Release;
		};
/* End XCBuildConfiguration section */

/* Begin XCConfigurationList section */
		B446F7E1219F2B0700BD6993 /* Build configuration list for PBXProject "EasyTaxes" */ = {
			isa = XCConfigurationList;
			buildConfigurations = (
				B446F80C219F2B0800BD6993 /* Debug */,
				B446F80D219F2B0800BD6993 /* Release */,
			);
			defaultConfigurationIsVisible = 0;
			defaultConfigurationName = Release;
		};
		B446F80E219F2B0800BD6993 /* Build configuration list for PBXNativeTarget "EasyTaxes" */ = {
			isa = XCConfigurationList;
			buildConfigurations = (
				B446F80F219F2B0800BD6993 /* Debug */,
				B446F810219F2B0800BD6993 /* Release */,
			);
			defaultConfigurationIsVisible = 0;
			defaultConfigurationName = Release;
		};
		B446F811219F2B0800BD6993 /* Build configuration list for PBXNativeTarget "EasyTaxesTests" */ = {
			isa = XCConfigurationList;
			buildConfigurations = (
				B446F812219F2B0800BD6993 /* Debug */,
				B446F813219F2B0800BD6993 /* Release */,
			);
			defaultConfigurationIsVisible = 0;
			defaultConfigurationName = Release;
		};
		B446F814219F2B0800BD6993 /* Build configuration list for PBXNativeTarget "EasyTaxesUITests" */ = {
			isa = XCConfigurationList;
			buildConfigurations = (
				B446F815219F2B0800BD6993 /* Debug */,
				B446F816219F2B0800BD6993 /* Release */,
			);
			defaultConfigurationIsVisible = 0;
			defaultConfigurationName = Release;
		};
/* End XCConfigurationList section */
	};
	rootObject = B446F7DE219F2B0700BD6993 /* Project object */;
}
